// !$*UTF8*$!
{
	archiveVersion = 1;
	classes = {
	};
	objectVersion = 50;
	objects = {

/* Begin PBXBuildFile section */
		A759E50225420EB0004C4B22 /* AppDelegate.swift in Sources */ = {isa = PBXBuildFile; fileRef = A759E50125420EB0004C4B22 /* AppDelegate.swift */; };
		A759E50425420EB0004C4B22 /* SceneDelegate.swift in Sources */ = {isa = PBXBuildFile; fileRef = A759E50325420EB0004C4B22 /* SceneDelegate.swift */; };
		A759E50625420EB0004C4B22 /* ViewController.swift in Sources */ = {isa = PBXBuildFile; fileRef = A759E50525420EB0004C4B22 /* ViewController.swift */; };
		A759E50925420EB0004C4B22 /* Main.storyboard in Resources */ = {isa = PBXBuildFile; fileRef = A759E50725420EB0004C4B22 /* Main.storyboard */; };
		A759E50B25420EB4004C4B22 /* Assets.xcassets in Resources */ = {isa = PBXBuildFile; fileRef = A759E50A25420EB4004C4B22 /* Assets.xcassets */; };
		A759E50E25420EB4004C4B22 /* LaunchScreen.storyboard in Resources */ = {isa = PBXBuildFile; fileRef = A759E50C25420EB4004C4B22 /* LaunchScreen.storyboard */; };
		A759E51925420EB5004C4B22 /* ClimaTests.swift in Sources */ = {isa = PBXBuildFile; fileRef = A759E51825420EB5004C4B22 /* ClimaTests.swift */; };
		A759E52425420EB5004C4B22 /* ClimaUITests.swift in Sources */ = {isa = PBXBuildFile; fileRef = A759E52325420EB5004C4B22 /* ClimaUITests.swift */; };
/* End PBXBuildFile section */

/* Begin PBXContainerItemProxy section */
		A759E51525420EB5004C4B22 /* PBXContainerItemProxy */ = {
			isa = PBXContainerItemProxy;
			containerPortal = A759E4F625420EAF004C4B22 /* Project object */;
			proxyType = 1;
			remoteGlobalIDString = A759E4FD25420EB0004C4B22;
			remoteInfo = Clima;
		};
		A759E52025420EB5004C4B22 /* PBXContainerItemProxy */ = {
			isa = PBXContainerItemProxy;
			containerPortal = A759E4F625420EAF004C4B22 /* Project object */;
			proxyType = 1;
			remoteGlobalIDString = A759E4FD25420EB0004C4B22;
			remoteInfo = Clima;
		};
/* End PBXContainerItemProxy section */

/* Begin PBXFileReference section */
		A759E4FE25420EB0004C4B22 /* Clima.app */ = {isa = PBXFileReference; explicitFileType = wrapper.application; includeInIndex = 0; path = Clima.app; sourceTree = BUILT_PRODUCTS_DIR; };
		A759E50125420EB0004C4B22 /* AppDelegate.swift */ = {isa = PBXFileReference; lastKnownFileType = sourcecode.swift; path = AppDelegate.swift; sourceTree = "<group>"; };
		A759E50325420EB0004C4B22 /* SceneDelegate.swift */ = {isa = PBXFileReference; lastKnownFileType = sourcecode.swift; path = SceneDelegate.swift; sourceTree = "<group>"; };
		A759E50525420EB0004C4B22 /* ViewController.swift */ = {isa = PBXFileReference; lastKnownFileType = sourcecode.swift; path = ViewController.swift; sourceTree = "<group>"; };
		A759E50825420EB0004C4B22 /* Base */ = {isa = PBXFileReference; lastKnownFileType = file.storyboard; name = Base; path = Base.lproj/Main.storyboard; sourceTree = "<group>"; };
		A759E50A25420EB4004C4B22 /* Assets.xcassets */ = {isa = PBXFileReference; lastKnownFileType = folder.assetcatalog; path = Assets.xcassets; sourceTree = "<group>"; };
		A759E50D25420EB4004C4B22 /* Base */ = {isa = PBXFileReference; lastKnownFileType = file.storyboard; name = Base; path = Base.lproj/LaunchScreen.storyboard; sourceTree = "<group>"; };
		A759E50F25420EB4004C4B22 /* Info.plist */ = {isa = PBXFileReference; lastKnownFileType = text.plist.xml; path = Info.plist; sourceTree = "<group>"; };
		A759E51425420EB5004C4B22 /* ClimaTests.xctest */ = {isa = PBXFileReference; explicitFileType = wrapper.cfbundle; includeInIndex = 0; path = ClimaTests.xctest; sourceTree = BUILT_PRODUCTS_DIR; };
		A759E51825420EB5004C4B22 /* ClimaTests.swift */ = {isa = PBXFileReference; lastKnownFileType = sourcecode.swift; path = ClimaTests.swift; sourceTree = "<group>"; };
		A759E51A25420EB5004C4B22 /* Info.plist */ = {isa = PBXFileReference; lastKnownFileType = text.plist.xml; path = Info.plist; sourceTree = "<group>"; };
		A759E51F25420EB5004C4B22 /* ClimaUITests.xctest */ = {isa = PBXFileReference; explicitFileType = wrapper.cfbundle; includeInIndex = 0; path = ClimaUITests.xctest; sourceTree = BUILT_PRODUCTS_DIR; };
		A759E52325420EB5004C4B22 /* ClimaUITests.swift */ = {isa = PBXFileReference; lastKnownFileType = sourcecode.swift; path = ClimaUITests.swift; sourceTree = "<group>"; };
		A759E52525420EB5004C4B22 /* Info.plist */ = {isa = PBXFileReference; lastKnownFileType = text.plist.xml; path = Info.plist; sourceTree = "<group>"; };
/* End PBXFileReference section */

/* Begin PBXFrameworksBuildPhase section */
		A759E4FB25420EB0004C4B22 /* Frameworks */ = {
			isa = PBXFrameworksBuildPhase;
			buildActionMask = 2147483647;
			files = (
			);
			runOnlyForDeploymentPostprocessing = 0;
		};
		A759E51125420EB5004C4B22 /* Frameworks */ = {
			isa = PBXFrameworksBuildPhase;
			buildActionMask = 2147483647;
			files = (
			);
			runOnlyForDeploymentPostprocessing = 0;
		};
		A759E51C25420EB5004C4B22 /* Frameworks */ = {
			isa = PBXFrameworksBuildPhase;
			buildActionMask = 2147483647;
			files = (
			);
			runOnlyForDeploymentPostprocessing = 0;
		};
/* End PBXFrameworksBuildPhase section */

/* Begin PBXGroup section */
		A759E4F525420EAF004C4B22 = {
			isa = PBXGroup;
			children = (
				A759E50025420EB0004C4B22 /* Clima */,
				A759E51725420EB5004C4B22 /* ClimaTests */,
				A759E52225420EB5004C4B22 /* ClimaUITests */,
				A759E4FF25420EB0004C4B22 /* Products */,
			);
			sourceTree = "<group>";
		};
		A759E4FF25420EB0004C4B22 /* Products */ = {
			isa = PBXGroup;
			children = (
				A759E4FE25420EB0004C4B22 /* Clima.app */,
				A759E51425420EB5004C4B22 /* ClimaTests.xctest */,
				A759E51F25420EB5004C4B22 /* ClimaUITests.xctest */,
			);
			name = Products;
			sourceTree = "<group>";
		};
		A759E50025420EB0004C4B22 /* Clima */ = {
			isa = PBXGroup;
			children = (
				A759E50125420EB0004C4B22 /* AppDelegate.swift */,
				A759E50325420EB0004C4B22 /* SceneDelegate.swift */,
				A759E50525420EB0004C4B22 /* ViewController.swift */,
				A759E50725420EB0004C4B22 /* Main.storyboard */,
				A759E50A25420EB4004C4B22 /* Assets.xcassets */,
				A759E50C25420EB4004C4B22 /* LaunchScreen.storyboard */,
				A759E50F25420EB4004C4B22 /* Info.plist */,
			);
			path = Clima;
			sourceTree = "<group>";
		};
		A759E51725420EB5004C4B22 /* ClimaTests */ = {
			isa = PBXGroup;
			children = (
				A759E51825420EB5004C4B22 /* ClimaTests.swift */,
				A759E51A25420EB5004C4B22 /* Info.plist */,
			);
			path = ClimaTests;
			sourceTree = "<group>";
		};
		A759E52225420EB5004C4B22 /* ClimaUITests */ = {
			isa = PBXGroup;
			children = (
				A759E52325420EB5004C4B22 /* ClimaUITests.swift */,
				A759E52525420EB5004C4B22 /* Info.plist */,
			);
			path = ClimaUITests;
			sourceTree = "<group>";
		};
/* End PBXGroup section */

/* Begin PBXNativeTarget section */
		A759E4FD25420EB0004C4B22 /* Clima */ = {
			isa = PBXNativeTarget;
			buildConfigurationList = A759E52825420EB5004C4B22 /* Build configuration list for PBXNativeTarget "Clima" */;
			buildPhases = (
				A759E4FA25420EB0004C4B22 /* Sources */,
				A759E4FB25420EB0004C4B22 /* Frameworks */,
				A759E4FC25420EB0004C4B22 /* Resources */,
			);
			buildRules = (
			);
			dependencies = (
			);
			name = Clima;
			productName = Clima;
			productReference = A759E4FE25420EB0004C4B22 /* Clima.app */;
			productType = "com.apple.product-type.application";
		};
		A759E51325420EB5004C4B22 /* ClimaTests */ = {
			isa = PBXNativeTarget;
			buildConfigurationList = A759E52B25420EB5004C4B22 /* Build configuration list for PBXNativeTarget "ClimaTests" */;
			buildPhases = (
				A759E51025420EB5004C4B22 /* Sources */,
				A759E51125420EB5004C4B22 /* Frameworks */,
				A759E51225420EB5004C4B22 /* Resources */,
			);
			buildRules = (
			);
			dependencies = (
				A759E51625420EB5004C4B22 /* PBXTargetDependency */,
			);
			name = ClimaTests;
			productName = ClimaTests;
			productReference = A759E51425420EB5004C4B22 /* ClimaTests.xctest */;
			productType = "com.apple.product-type.bundle.unit-test";
		};
		A759E51E25420EB5004C4B22 /* ClimaUITests */ = {
			isa = PBXNativeTarget;
			buildConfigurationList = A759E52E25420EB5004C4B22 /* Build configuration list for PBXNativeTarget "ClimaUITests" */;
			buildPhases = (
				A759E51B25420EB5004C4B22 /* Sources */,
				A759E51C25420EB5004C4B22 /* Frameworks */,
				A759E51D25420EB5004C4B22 /* Resources */,
			);
			buildRules = (
			);
			dependencies = (
				A759E52125420EB5004C4B22 /* PBXTargetDependency */,
			);
			name = ClimaUITests;
			productName = ClimaUITests;
			productReference = A759E51F25420EB5004C4B22 /* ClimaUITests.xctest */;
			productType = "com.apple.product-type.bundle.ui-testing";
		};
/* End PBXNativeTarget section */

/* Begin PBXProject section */
		A759E4F625420EAF004C4B22 /* Project object */ = {
			isa = PBXProject;
			attributes = {
				LastSwiftUpdateCheck = 1200;
				LastUpgradeCheck = 1200;
				TargetAttributes = {
					A759E4FD25420EB0004C4B22 = {
						CreatedOnToolsVersion = 12.0.1;
					};
					A759E51325420EB5004C4B22 = {
						CreatedOnToolsVersion = 12.0.1;
						TestTargetID = A759E4FD25420EB0004C4B22;
					};
					A759E51E25420EB5004C4B22 = {
						CreatedOnToolsVersion = 12.0.1;
						TestTargetID = A759E4FD25420EB0004C4B22;
					};
				};
			};
			buildConfigurationList = A759E4F925420EAF004C4B22 /* Build configuration list for PBXProject "Clima" */;
			compatibilityVersion = "Xcode 9.3";
			developmentRegion = en;
			hasScannedForEncodings = 0;
			knownRegions = (
				en,
				Base,
			);
			mainGroup = A759E4F525420EAF004C4B22;
			productRefGroup = A759E4FF25420EB0004C4B22 /* Products */;
			projectDirPath = "";
			projectRoot = "";
			targets = (
				A759E4FD25420EB0004C4B22 /* Clima */,
				A759E51325420EB5004C4B22 /* ClimaTests */,
				A759E51E25420EB5004C4B22 /* ClimaUITests */,
			);
		};
/* End PBXProject section */

/* Begin PBXResourcesBuildPhase section */
		A759E4FC25420EB0004C4B22 /* Resources */ = {
			isa = PBXResourcesBuildPhase;
			buildActionMask = 2147483647;
			files = (
				A759E50E25420EB4004C4B22 /* LaunchScreen.storyboard in Resources */,
				A759E50B25420EB4004C4B22 /* Assets.xcassets in Resources */,
				A759E50925420EB0004C4B22 /* Main.storyboard in Resources */,
			);
			runOnlyForDeploymentPostprocessing = 0;
		};
		A759E51225420EB5004C4B22 /* Resources */ = {
			isa = PBXResourcesBuildPhase;
			buildActionMask = 2147483647;
			files = (
			);
			runOnlyForDeploymentPostprocessing = 0;
		};
		A759E51D25420EB5004C4B22 /* Resources */ = {
			isa = PBXResourcesBuildPhase;
			buildActionMask = 2147483647;
			files = (
			);
			runOnlyForDeploymentPostprocessing = 0;
		};
/* End PBXResourcesBuildPhase section */

/* Begin PBXSourcesBuildPhase section */
		A759E4FA25420EB0004C4B22 /* Sources */ = {
			isa = PBXSourcesBuildPhase;
			buildActionMask = 2147483647;
			files = (
				A759E50625420EB0004C4B22 /* ViewController.swift in Sources */,
				A759E50225420EB0004C4B22 /* AppDelegate.swift in Sources */,
				A759E50425420EB0004C4B22 /* SceneDelegate.swift in Sources */,
			);
			runOnlyForDeploymentPostprocessing = 0;
		};
		A759E51025420EB5004C4B22 /* Sources */ = {
			isa = PBXSourcesBuildPhase;
			buildActionMask = 2147483647;
			files = (
				A759E51925420EB5004C4B22 /* ClimaTests.swift in Sources */,
			);
			runOnlyForDeploymentPostprocessing = 0;
		};
		A759E51B25420EB5004C4B22 /* Sources */ = {
			isa = PBXSourcesBuildPhase;
			buildActionMask = 2147483647;
			files = (
				A759E52425420EB5004C4B22 /* ClimaUITests.swift in Sources */,
			);
			runOnlyForDeploymentPostprocessing = 0;
		};
/* End PBXSourcesBuildPhase section */

/* Begin PBXTargetDependency section */
		A759E51625420EB5004C4B22 /* PBXTargetDependency */ = {
			isa = PBXTargetDependency;
			target = A759E4FD25420EB0004C4B22 /* Clima */;
			targetProxy = A759E51525420EB5004C4B22 /* PBXContainerItemProxy */;
		};
		A759E52125420EB5004C4B22 /* PBXTargetDependency */ = {
			isa = PBXTargetDependency;
			target = A759E4FD25420EB0004C4B22 /* Clima */;
			targetProxy = A759E52025420EB5004C4B22 /* PBXContainerItemProxy */;
		};
/* End PBXTargetDependency section */

/* Begin PBXVariantGroup section */
		A759E50725420EB0004C4B22 /* Main.storyboard */ = {
			isa = PBXVariantGroup;
			children = (
				A759E50825420EB0004C4B22 /* Base */,
			);
			name = Main.storyboard;
			sourceTree = "<group>";
		};
		A759E50C25420EB4004C4B22 /* LaunchScreen.storyboard */ = {
			isa = PBXVariantGroup;
			children = (
				A759E50D25420EB4004C4B22 /* Base */,
			);
			name = LaunchScreen.storyboard;
			sourceTree = "<group>";
		};
/* End PBXVariantGroup section */

/* Begin XCBuildConfiguration section */
		A759E52625420EB5004C4B22 /* Debug */ = {
			isa = XCBuildConfiguration;
			buildSettings = {
				ALWAYS_SEARCH_USER_PATHS = NO;
				CLANG_ANALYZER_NONNULL = YES;
				CLANG_ANALYZER_NUMBER_OBJECT_CONVERSION = YES_AGGRESSIVE;
				CLANG_CXX_LANGUAGE_STANDARD = "gnu++14";
				CLANG_CXX_LIBRARY = "libc++";
				CLANG_ENABLE_MODULES = YES;
				CLANG_ENABLE_OBJC_ARC = YES;
				CLANG_ENABLE_OBJC_WEAK = YES;
				CLANG_WARN_BLOCK_CAPTURE_AUTORELEASING = YES;
				CLANG_WARN_BOOL_CONVERSION = YES;
				CLANG_WARN_COMMA = YES;
				CLANG_WARN_CONSTANT_CONVERSION = YES;
				CLANG_WARN_DEPRECATED_OBJC_IMPLEMENTATIONS = YES;
				CLANG_WARN_DIRECT_OBJC_ISA_USAGE = YES_ERROR;
				CLANG_WARN_DOCUMENTATION_COMMENTS = YES;
				CLANG_WARN_EMPTY_BODY = YES;
				CLANG_WARN_ENUM_CONVERSION = YES;
				CLANG_WARN_INFINITE_RECURSION = YES;
				CLANG_WARN_INT_CONVERSION = YES;
				CLANG_WARN_NON_LITERAL_NULL_CONVERSION = YES;
				CLANG_WARN_OBJC_IMPLICIT_RETAIN_SELF = YES;
				CLANG_WARN_OBJC_LITERAL_CONVERSION = YES;
				CLANG_WARN_OBJC_ROOT_CLASS = YES_ERROR;
				CLANG_WARN_QUOTED_INCLUDE_IN_FRAMEWORK_HEADER = YES;
				CLANG_WARN_RANGE_LOOP_ANALYSIS = YES;
				CLANG_WARN_STRICT_PROTOTYPES = YES;
				CLANG_WARN_SUSPICIOUS_MOVE = YES;
				CLANG_WARN_UNGUARDED_AVAILABILITY = YES_AGGRESSIVE;
				CLANG_WARN_UNREACHABLE_CODE = YES;
				CLANG_WARN__DUPLICATE_METHOD_MATCH = YES;
				COPY_PHASE_STRIP = NO;
				DEBUG_INFORMATION_FORMAT = dwarf;
				ENABLE_STRICT_OBJC_MSGSEND = YES;
				ENABLE_TESTABILITY = YES;
				GCC_C_LANGUAGE_STANDARD = gnu11;
				GCC_DYNAMIC_NO_PIC = NO;
				GCC_NO_COMMON_BLOCKS = YES;
				GCC_OPTIMIZATION_LEVEL = 0;
				GCC_PREPROCESSOR_DEFINITIONS = (
					"DEBUG=1",
					"$(inherited)",
				);
				GCC_WARN_64_TO_32_BIT_CONVERSION = YES;
				GCC_WARN_ABOUT_RETURN_TYPE = YES_ERROR;
				GCC_WARN_UNDECLARED_SELECTOR = YES;
				GCC_WARN_UNINITIALIZED_AUTOS = YES_AGGRESSIVE;
				GCC_WARN_UNUSED_FUNCTION = YES;
				GCC_WARN_UNUSED_VARIABLE = YES;
				IPHONEOS_DEPLOYMENT_TARGET = 14.0;
				MTL_ENABLE_DEBUG_INFO = INCLUDE_SOURCE;
				MTL_FAST_MATH = YES;
				ONLY_ACTIVE_ARCH = YES;
				SDKROOT = iphoneos;
				SWIFT_ACTIVE_COMPILATION_CONDITIONS = DEBUG;
				SWIFT_OPTIMIZATION_LEVEL = "-Onone";
			};
			name = Debug;
		};
		A759E52725420EB5004C4B22 /* Release */ = {
			isa = XCBuildConfiguration;
			buildSettings = {
				ALWAYS_SEARCH_USER_PATHS = NO;
				CLANG_ANALYZER_NONNULL = YES;
				CLANG_ANALYZER_NUMBER_OBJECT_CONVERSION = YES_AGGRESSIVE;
				CLANG_CXX_LANGUAGE_STANDARD = "gnu++14";
				CLANG_CXX_LIBRARY = "libc++";
				CLANG_ENABLE_MODULES = YES;
				CLANG_ENABLE_OBJC_ARC = YES;
				CLANG_ENABLE_OBJC_WEAK = YES;
				CLANG_WARN_BLOCK_CAPTURE_AUTORELEASING = YES;
				CLANG_WARN_BOOL_CONVERSION = YES;
				CLANG_WARN_COMMA = YES;
				CLANG_WARN_CONSTANT_CONVERSION = YES;
				CLANG_WARN_DEPRECATED_OBJC_IMPLEMENTATIONS = YES;
				CLANG_WARN_DIRECT_OBJC_ISA_USAGE = YES_ERROR;
				CLANG_WARN_DOCUMENTATION_COMMENTS = YES;
				CLANG_WARN_EMPTY_BODY = YES;
				CLANG_WARN_ENUM_CONVERSION = YES;
				CLANG_WARN_INFINITE_RECURSION = YES;
				CLANG_WARN_INT_CONVERSION = YES;
				CLANG_WARN_NON_LITERAL_NULL_CONVERSION = YES;
				CLANG_WARN_OBJC_IMPLICIT_RETAIN_SELF = YES;
				CLANG_WARN_OBJC_LITERAL_CONVERSION = YES;
				CLANG_WARN_OBJC_ROOT_CLASS = YES_ERROR;
				CLANG_WARN_QUOTED_INCLUDE_IN_FRAMEWORK_HEADER = YES;
				CLANG_WARN_RANGE_LOOP_ANALYSIS = YES;
				CLANG_WARN_STRICT_PROTOTYPES = YES;
				CLANG_WARN_SUSPICIOUS_MOVE = YES;
				CLANG_WARN_UNGUARDED_AVAILABILITY = YES_AGGRESSIVE;
				CLANG_WARN_UNREACHABLE_CODE = YES;
				CLANG_WARN__DUPLICATE_METHOD_MATCH = YES;
				COPY_PHASE_STRIP = NO;
				DEBUG_INFORMATION_FORMAT = "dwarf-with-dsym";
				ENABLE_NS_ASSERTIONS = NO;
				ENABLE_STRICT_OBJC_MSGSEND = YES;
				GCC_C_LANGUAGE_STANDARD = gnu11;
				GCC_NO_COMMON_BLOCKS = YES;
				GCC_WARN_64_TO_32_BIT_CONVERSION = YES;
				GCC_WARN_ABOUT_RETURN_TYPE = YES_ERROR;
				GCC_WARN_UNDECLARED_SELECTOR = YES;
				GCC_WARN_UNINITIALIZED_AUTOS = YES_AGGRESSIVE;
				GCC_WARN_UNUSED_FUNCTION = YES;
				GCC_WARN_UNUSED_VARIABLE = YES;
				IPHONEOS_DEPLOYMENT_TARGET = 14.0;
				MTL_ENABLE_DEBUG_INFO = NO;
				MTL_FAST_MATH = YES;
				SDKROOT = iphoneos;
				SWIFT_COMPILATION_MODE = wholemodule;
				SWIFT_OPTIMIZATION_LEVEL = "-O";
				VALIDATE_PRODUCT = YES;
			};
			name = Release;
		};
		A759E52925420EB5004C4B22 /* Debug */ = {
			isa = XCBuildConfiguration;
			buildSettings = {
				ASSETCATALOG_COMPILER_APPICON_NAME = AppIcon;
				ASSETCATALOG_COMPILER_GLOBAL_ACCENT_COLOR_NAME = AccentColor;
				CODE_SIGN_STYLE = Automatic;
				DEVELOPMENT_TEAM = BKNEPX22V5;
				INFOPLIST_FILE = Clima/Info.plist;
				LD_RUNPATH_SEARCH_PATHS = (
					"$(inherited)",
					"@executable_path/Frameworks",
				);
				PRODUCT_BUNDLE_IDENTIFIER = br.com.leonardobezerraleite.Clima;
				PRODUCT_NAME = "$(TARGET_NAME)";
				SWIFT_VERSION = 5.0;
				TARGETED_DEVICE_FAMILY = "1,2";
			};
			name = Debug;
		};
		A759E52A25420EB5004C4B22 /* Release */ = {
			isa = XCBuildConfiguration;
			buildSettings = {
				ASSETCATALOG_COMPILER_APPICON_NAME = AppIcon;
				ASSETCATALOG_COMPILER_GLOBAL_ACCENT_COLOR_NAME = AccentColor;
				CODE_SIGN_STYLE = Automatic;
				DEVELOPMENT_TEAM = BKNEPX22V5;
				INFOPLIST_FILE = Clima/Info.plist;
				LD_RUNPATH_SEARCH_PATHS = (
					"$(inherited)",
					"@executable_path/Frameworks",
				);
				PRODUCT_BUNDLE_IDENTIFIER = br.com.leonardobezerraleite.Clima;
				PRODUCT_NAME = "$(TARGET_NAME)";
				SWIFT_VERSION = 5.0;
				TARGETED_DEVICE_FAMILY = "1,2";
			};
			name = Release;
		};
		A759E52C25420EB5004C4B22 /* Debug */ = {
			isa = XCBuildConfiguration;
			buildSettings = {
				ALWAYS_EMBED_SWIFT_STANDARD_LIBRARIES = YES;
				BUNDLE_LOADER = "$(TEST_HOST)";
				CODE_SIGN_STYLE = Automatic;
				DEVELOPMENT_TEAM = BKNEPX22V5;
				INFOPLIST_FILE = ClimaTests/Info.plist;
				IPHONEOS_DEPLOYMENT_TARGET = 14.0;
				LD_RUNPATH_SEARCH_PATHS = (
					"$(inherited)",
					"@executable_path/Frameworks",
					"@loader_path/Frameworks",
				);
				PRODUCT_BUNDLE_IDENTIFIER = br.com.leonardobezerraleite.ClimaTests;
				PRODUCT_NAME = "$(TARGET_NAME)";
				SWIFT_VERSION = 5.0;
				TARGETED_DEVICE_FAMILY = "1,2";
				TEST_HOST = "$(BUILT_PRODUCTS_DIR)/Clima.app/Clima";
			};
			name = Debug;
		};
		A759E52D25420EB5004C4B22 /* Release */ = {
			isa = XCBuildConfiguration;
			buildSettings = {
				ALWAYS_EMBED_SWIFT_STANDARD_LIBRARIES = YES;
				BUNDLE_LOADER = "$(TEST_HOST)";
				CODE_SIGN_STYLE = Automatic;
				DEVELOPMENT_TEAM = BKNEPX22V5;
				INFOPLIST_FILE = ClimaTests/Info.plist;
				IPHONEOS_DEPLOYMENT_TARGET = 14.0;
				LD_RUNPATH_SEARCH_PATHS = (
					"$(inherited)",
					"@executable_path/Frameworks",
					"@loader_path/Frameworks",
				);
				PRODUCT_BUNDLE_IDENTIFIER = br.com.leonardobezerraleite.ClimaTests;
				PRODUCT_NAME = "$(TARGET_NAME)";
				SWIFT_VERSION = 5.0;
				TARGETED_DEVICE_FAMILY = "1,2";
				TEST_HOST = "$(BUILT_PRODUCTS_DIR)/Clima.app/Clima";
			};
			name = Release;
		};
		A759E52F25420EB5004C4B22 /* Debug */ = {
			isa = XCBuildConfiguration;
			buildSettings = {
				ALWAYS_EMBED_SWIFT_STANDARD_LIBRARIES = YES;
				CODE_SIGN_STYLE = Automatic;
				DEVELOPMENT_TEAM = BKNEPX22V5;
				INFOPLIST_FILE = ClimaUITests/Info.plist;
				LD_RUNPATH_SEARCH_PATHS = (
					"$(inherited)",
					"@executable_path/Frameworks",
					"@loader_path/Frameworks",
				);
				PRODUCT_BUNDLE_IDENTIFIER = br.com.leonardobezerraleite.ClimaUITests;
				PRODUCT_NAME = "$(TARGET_NAME)";
				SWIFT_VERSION = 5.0;
				TARGETED_DEVICE_FAMILY = "1,2";
				TEST_TARGET_NAME = Clima;
			};
			name = Debug;
		};
		A759E53025420EB5004C4B22 /* Release */ = {
			isa = XCBuildConfiguration;
			buildSettings = {
				ALWAYS_EMBED_SWIFT_STANDARD_LIBRARIES = YES;
				CODE_SIGN_STYLE = Automatic;
				DEVELOPMENT_TEAM = BKNEPX22V5;
				INFOPLIST_FILE = ClimaUITests/Info.plist;
				LD_RUNPATH_SEARCH_PATHS = (
					"$(inherited)",
					"@executable_path/Frameworks",
					"@loader_path/Frameworks",
				);
				PRODUCT_BUNDLE_IDENTIFIER = br.com.leonardobezerraleite.ClimaUITests;
				PRODUCT_NAME = "$(TARGET_NAME)";
				SWIFT_VERSION = 5.0;
				TARGETED_DEVICE_FAMILY = "1,2";
				TEST_TARGET_NAME = Clima;
			};
			name = Release;
		};
/* End XCBuildConfiguration section */

/* Begin XCConfigurationList section */
		A759E4F925420EAF004C4B22 /* Build configuration list for PBXProject "Clima" */ = {
			isa = XCConfigurationList;
			buildConfigurations = (
				A759E52625420EB5004C4B22 /* Debug */,
				A759E52725420EB5004C4B22 /* Release */,
			);
			defaultConfigurationIsVisible = 0;
			defaultConfigurationName = Release;
		};
		A759E52825420EB5004C4B22 /* Build configuration list for PBXNativeTarget "Clima" */ = {
			isa = XCConfigurationList;
			buildConfigurations = (
				A759E52925420EB5004C4B22 /* Debug */,
				A759E52A25420EB5004C4B22 /* Release */,
			);
			defaultConfigurationIsVisible = 0;
			defaultConfigurationName = Release;
		};
		A759E52B25420EB5004C4B22 /* Build configuration list for PBXNativeTarget "ClimaTests" */ = {
			isa = XCConfigurationList;
			buildConfigurations = (
				A759E52C25420EB5004C4B22 /* Debug */,
				A759E52D25420EB5004C4B22 /* Release */,
			);
			defaultConfigurationIsVisible = 0;
			defaultConfigurationName = Release;
		};
		A759E52E25420EB5004C4B22 /* Build configuration list for PBXNativeTarget "ClimaUITests" */ = {
			isa = XCConfigurationList;
			buildConfigurations = (
				A759E52F25420EB5004C4B22 /* Debug */,
				A759E53025420EB5004C4B22 /* Release */,
			);
			defaultConfigurationIsVisible = 0;
			defaultConfigurationName = Release;
		};
/* End XCConfigurationList section */
	};
	rootObject = A759E4F625420EAF004C4B22 /* Project object */;
}
